<Solution>
  <Folder Name="/benchmarks/">
    <Project Path="benchmarks/AutoWire.Benchmarks/AutoWire.Benchmarks.csproj" />
  </Folder>
  <Folder Name="/src/">
    <Project Path="src/AutoWire/AutoWire.csproj" />
    <Project Path="src/AutoWire.CodeFixes/AutoWire.CodeFixes.csproj" />
  </Folder>
  <Folder Name="/tests/"><Project Path="tests/AutoWire.Tests/AutoWire.Tests.csproj" /></Folder>
</Solution>
